
Microsoft Visual Studio Solution File, Format Version 12.00
# Visual Studio Version 17
VisualStudioVersion = 17.5.002.0
MinimumVisualStudioVersion = 10.0.40219.1
Project("{9A19103F-16F7-4668-BE54-9A1E7A4F7556}") = "GameStore.Frontend", "GameStore.Frontend\GameStore.Frontend.csproj", "{187594A3-F5A8-428A-B399-9CAEBF911693}"
EndProject
Global
	GlobalSection(SolutionConfigurationPlatforms) = preSolution
		Debug|Any CPU = Debug|Any CPU
		Release|Any CPU = Release|Any CPU
	EndGlobalSection
	GlobalSection(ProjectConfigurationPlatforms) = postSolution
		{187594A3-F5A8-428A-B399-9CAEBF911693}.Debug|Any CPU.ActiveCfg = Debug|Any CPU
		{187594A3-F5A8-428A-B399-9CAEBF911693}.Debug|Any CPU.Build.0 = Debug|Any CPU
		{187594A3-F5A8-428A-B399-9CAEBF911693}.Release|Any CPU.ActiveCfg = Release|Any CPU
		{187594A3-F5A8-428A-B399-9CAEBF911693}.Release|Any CPU.Build.0 = Release|Any CPU
	EndGlobalSection
	GlobalSection(SolutionProperties) = preSolution
		HideSolutionNode = FALSE
	EndGlobalSection
	GlobalSection(ExtensibilityGlobals) = postSolution
		SolutionGuid = {FB1B13BE-7E17-4C35-8371-DA9DD196D004}
	EndGlobalSection
EndGlobal
